
Microsoft Visual Studio Solution File, Format Version 12.00
# Visual Studio 15
VisualStudioVersion = 15.0.28010.2036
MinimumVisualStudioVersion = 10.0.40219.1
Project("{9A19103F-16F7-4668-BE54-9A1E7A4F7556}") = "Compos.Coreforce", "Compos.Coreforce\Compos.Coreforce.csproj", "{BD9F15B5-C348-4605-898D-DF87A1AC7A38}"
EndProject
Project("{FAE04EC0-301F-11D3-BF4B-00C04F79EFBC}") = "Compos.Coreforce.UnitTests", "Compos.Coreforce.UnitTests\Compos.Coreforce.UnitTests.csproj", "{E534EB03-B6B2-41CC-8355-50440213C4AA}"
EndProject
Global
	GlobalSection(SolutionConfigurationPlatforms) = preSolution
		Debug|Any CPU = Debug|Any CPU
		Release|Any CPU = Release|Any CPU
	EndGlobalSection
	GlobalSection(ProjectConfigurationPlatforms) = postSolution
		{BD9F15B5-C348-4605-898D-DF87A1AC7A38}.Debug|Any CPU.ActiveCfg = Debug|Any CPU
		{BD9F15B5-C348-4605-898D-DF87A1AC7A38}.Debug|Any CPU.Build.0 = Debug|Any CPU
		{BD9F15B5-C348-4605-898D-DF87A1AC7A38}.Release|Any CPU.ActiveCfg = Release|Any CPU
		{BD9F15B5-C348-4605-898D-DF87A1AC7A38}.Release|Any CPU.Build.0 = Release|Any CPU
		{E534EB03-B6B2-41CC-8355-50440213C4AA}.Debug|Any CPU.ActiveCfg = Debug|Any CPU
		{E534EB03-B6B2-41CC-8355-50440213C4AA}.Debug|Any CPU.Build.0 = Debug|Any CPU
		{E534EB03-B6B2-41CC-8355-50440213C4AA}.Release|Any CPU.ActiveCfg = Release|Any CPU
		{E534EB03-B6B2-41CC-8355-50440213C4AA}.Release|Any CPU.Build.0 = Release|Any CPU
	EndGlobalSection
	GlobalSection(SolutionProperties) = preSolution
		HideSolutionNode = FALSE
	EndGlobalSection
	GlobalSection(ExtensibilityGlobals) = postSolution
		SolutionGuid = {DA4B8835-25AC-4BE3-9983-80BC6949DDD1}
	EndGlobalSection
EndGlobal
